
Microsoft Visual Studio Solution File, Format Version 12.00
# Visual Studio Version 17
VisualStudioVersion = 17.3.32929.385
MinimumVisualStudioVersion = 10.0.40219.1
Project("{FAE04EC0-301F-11D3-BF4B-00C04F79EFBC}") = "DiaryBackEnd", "DairyBackEnd\DiaryBackEnd.csproj", "{D5E4C1C9-603A-4CD8-9E9C-4DBEA31D5E56}"
EndProject
Global
	GlobalSection(SolutionConfigurationPlatforms) = preSolution
		Debug|Any CPU = Debug|Any CPU
		Release|Any CPU = Release|Any CPU
	EndGlobalSection
	GlobalSection(ProjectConfigurationPlatforms) = postSolution
		{D5E4C1C9-603A-4CD8-9E9C-4DBEA31D5E56}.Debug|Any CPU.ActiveCfg = Debug|Any CPU
		{D5E4C1C9-603A-4CD8-9E9C-4DBEA31D5E56}.Debug|Any CPU.Build.0 = Debug|Any CPU
		{D5E4C1C9-603A-4CD8-9E9C-4DBEA31D5E56}.Release|Any CPU.ActiveCfg = Release|Any CPU
		{D5E4C1C9-603A-4CD8-9E9C-4DBEA31D5E56}.Release|Any CPU.Build.0 = Release|Any CPU
	EndGlobalSection
	GlobalSection(SolutionProperties) = preSolution
		HideSolutionNode = FALSE
	EndGlobalSection
	GlobalSection(ExtensibilityGlobals) = postSolution
		SolutionGuid = {C869A9EA-38E6-46B1-BAB0-9BE51E6199D9}
	EndGlobalSection
EndGlobal
